
Microsoft Visual Studio Solution File, Format Version 12.00
# Visual Studio Version 17
VisualStudioVersion = 17.9.34902.65
MinimumVisualStudioVersion = 10.0.40219.1
Project("{FAE04EC0-301F-11D3-BF4B-00C04F79EFBC}") = "OnlineMarket", "OnlineMarket.csproj", "{A9C13792-027C-4274-BBBC-426FCF67E0B5}"
EndProject
Global
	GlobalSection(SolutionConfigurationPlatforms) = preSolution
		Debug|Any CPU = Debug|Any CPU
		Release|Any CPU = Release|Any CPU
	EndGlobalSection
	GlobalSection(ProjectConfigurationPlatforms) = postSolution
		{A9C13792-027C-4274-BBBC-426FCF67E0B5}.Debug|Any CPU.ActiveCfg = Debug|Any CPU
		{A9C13792-027C-4274-BBBC-426FCF67E0B5}.Debug|Any CPU.Build.0 = Debug|Any CPU
		{A9C13792-027C-4274-BBBC-426FCF67E0B5}.Release|Any CPU.ActiveCfg = Release|Any CPU
		{A9C13792-027C-4274-BBBC-426FCF67E0B5}.Release|Any CPU.Build.0 = Release|Any CPU
	EndGlobalSection
	GlobalSection(SolutionProperties) = preSolution
		HideSolutionNode = FALSE
	EndGlobalSection
	GlobalSection(ExtensibilityGlobals) = postSolution
		SolutionGuid = {0F1C15A1-F345-46C4-837C-E34382A85500}
	EndGlobalSection
EndGlobal
